// !$*UTF8*$!
{
	archiveVersion = 1;
	classes = {
	};
	objectVersion = 46;
	objects = {

/* Begin PBXBuildFile section */
		535B10F71E4A32A400D58D82 /* AppDelegate.swift in Sources */ = {isa = PBXBuildFile; fileRef = 535B10F61E4A32A400D58D82 /* AppDelegate.swift */; };
		535B10FC1E4A32A400D58D82 /* Main.storyboard in Resources */ = {isa = PBXBuildFile; fileRef = 535B10FA1E4A32A400D58D82 /* Main.storyboard */; };
		535B10FE1E4A32A400D58D82 /* Assets.xcassets in Resources */ = {isa = PBXBuildFile; fileRef = 535B10FD1E4A32A400D58D82 /* Assets.xcassets */; };
		535B11011E4A32A400D58D82 /* LaunchScreen.storyboard in Resources */ = {isa = PBXBuildFile; fileRef = 535B10FF1E4A32A400D58D82 /* LaunchScreen.storyboard */; };
		535B11311E4A957000D58D82 /* BracketController.swift in Sources */ = {isa = PBXBuildFile; fileRef = 535B11301E4A957000D58D82 /* BracketController.swift */; };
		53F1F2DA1E4BBE1F00850DB3 /* Bracket.xcdatamodeld in Sources */ = {isa = PBXBuildFile; fileRef = 53F1F2D81E4BBE1F00850DB3 /* Bracket.xcdatamodeld */; };
		53F1F2DC1E4BD67A00850DB3 /* CoreDataStack.swift in Sources */ = {isa = PBXBuildFile; fileRef = 53F1F2DB1E4BD67A00850DB3 /* CoreDataStack.swift */; };
		53F1F2DE1E4BDB4200850DB3 /* Bracket + Convenience.swift in Sources */ = {isa = PBXBuildFile; fileRef = 53F1F2DD1E4BDB4200850DB3 /* Bracket + Convenience.swift */; };
		53F1F2E01E4BDB6500850DB3 /* Team + Convenience.swift in Sources */ = {isa = PBXBuildFile; fileRef = 53F1F2DF1E4BDB6500850DB3 /* Team + Convenience.swift */; };
		53F1F2E21E4BDB8600850DB3 /* Matchup + Convenience.swift in Sources */ = {isa = PBXBuildFile; fileRef = 53F1F2E11E4BDB8600850DB3 /* Matchup + Convenience.swift */; };
/* End PBXBuildFile section */

/* Begin PBXFileReference section */
		535B10F31E4A32A400D58D82 /* Bracket.app */ = {isa = PBXFileReference; explicitFileType = wrapper.application; includeInIndex = 0; path = Bracket.app; sourceTree = BUILT_PRODUCTS_DIR; };
		535B10F61E4A32A400D58D82 /* AppDelegate.swift */ = {isa = PBXFileReference; lastKnownFileType = sourcecode.swift; path = AppDelegate.swift; sourceTree = "<group>"; };
		535B10FB1E4A32A400D58D82 /* Base */ = {isa = PBXFileReference; lastKnownFileType = file.storyboard; name = Base; path = Base.lproj/Main.storyboard; sourceTree = "<group>"; };
		535B10FD1E4A32A400D58D82 /* Assets.xcassets */ = {isa = PBXFileReference; lastKnownFileType = folder.assetcatalog; path = Assets.xcassets; sourceTree = "<group>"; };
		535B11001E4A32A400D58D82 /* Base */ = {isa = PBXFileReference; lastKnownFileType = file.storyboard; name = Base; path = Base.lproj/LaunchScreen.storyboard; sourceTree = "<group>"; };
		535B11021E4A32A400D58D82 /* Info.plist */ = {isa = PBXFileReference; lastKnownFileType = text.plist.xml; path = Info.plist; sourceTree = "<group>"; };
		535B11301E4A957000D58D82 /* BracketController.swift */ = {isa = PBXFileReference; fileEncoding = 4; lastKnownFileType = sourcecode.swift; path = BracketController.swift; sourceTree = "<group>"; };
		53F1F2D91E4BBE1F00850DB3 /* Bracket.xcdatamodel */ = {isa = PBXFileReference; lastKnownFileType = wrapper.xcdatamodel; path = Bracket.xcdatamodel; sourceTree = "<group>"; };
		53F1F2DB1E4BD67A00850DB3 /* CoreDataStack.swift */ = {isa = PBXFileReference; fileEncoding = 4; lastKnownFileType = sourcecode.swift; path = CoreDataStack.swift; sourceTree = "<group>"; };
		53F1F2DD1E4BDB4200850DB3 /* Bracket + Convenience.swift */ = {isa = PBXFileReference; fileEncoding = 4; lastKnownFileType = sourcecode.swift; path = "Bracket + Convenience.swift"; sourceTree = "<group>"; };
		53F1F2DF1E4BDB6500850DB3 /* Team + Convenience.swift */ = {isa = PBXFileReference; fileEncoding = 4; lastKnownFileType = sourcecode.swift; path = "Team + Convenience.swift"; sourceTree = "<group>"; };
		53F1F2E11E4BDB8600850DB3 /* Matchup + Convenience.swift */ = {isa = PBXFileReference; fileEncoding = 4; lastKnownFileType = sourcecode.swift; path = "Matchup + Convenience.swift"; sourceTree = "<group>"; };
/* End PBXFileReference section */

/* Begin PBXFrameworksBuildPhase section */
		535B10F01E4A32A400D58D82 /* Frameworks */ = {
			isa = PBXFrameworksBuildPhase;
			buildActionMask = 2147483647;
			files = (
			);
			runOnlyForDeploymentPostprocessing = 0;
		};
/* End PBXFrameworksBuildPhase section */

/* Begin PBXGroup section */
		535B10EA1E4A32A400D58D82 = {
			isa = PBXGroup;
			children = (
				535B10F51E4A32A400D58D82 /* Bracket */,
				535B10F41E4A32A400D58D82 /* Products */,
			);
			sourceTree = "<group>";
		};
		535B10F41E4A32A400D58D82 /* Products */ = {
			isa = PBXGroup;
			children = (
				535B10F31E4A32A400D58D82 /* Bracket.app */,
			);
			name = Products;
			sourceTree = "<group>";
		};
		535B10F51E4A32A400D58D82 /* Bracket */ = {
			isa = PBXGroup;
			children = (
				535B10F61E4A32A400D58D82 /* AppDelegate.swift */,
				535B10FA1E4A32A400D58D82 /* Main.storyboard */,
				535B11321E4A957400D58D82 /* Model Controllers */,
				535B110A1E4A486D00D58D82 /* Models */,
				535B10FD1E4A32A400D58D82 /* Assets.xcassets */,
				535B10FF1E4A32A400D58D82 /* LaunchScreen.storyboard */,
				535B11021E4A32A400D58D82 /* Info.plist */,
			);
			path = Bracket;
			sourceTree = "<group>";
		};
		535B110A1E4A486D00D58D82 /* Models */ = {
			isa = PBXGroup;
			children = (
				53F1F2DD1E4BDB4200850DB3 /* Bracket + Convenience.swift */,
				53F1F2DB1E4BD67A00850DB3 /* CoreDataStack.swift */,
				53F1F2DF1E4BDB6500850DB3 /* Team + Convenience.swift */,
				53F1F2E11E4BDB8600850DB3 /* Matchup + Convenience.swift */,
				53F1F2D81E4BBE1F00850DB3 /* Bracket.xcdatamodeld */,
			);
			name = Models;
			sourceTree = "<group>";
		};
		535B11321E4A957400D58D82 /* Model Controllers */ = {
			isa = PBXGroup;
			children = (
				535B11301E4A957000D58D82 /* BracketController.swift */,
			);
			name = "Model Controllers";
			sourceTree = "<group>";
		};
/* End PBXGroup section */

/* Begin PBXNativeTarget section */
		535B10F21E4A32A400D58D82 /* Bracket */ = {
			isa = PBXNativeTarget;
			buildConfigurationList = 535B11051E4A32A400D58D82 /* Build configuration list for PBXNativeTarget "Bracket" */;
			buildPhases = (
				535B10EF1E4A32A400D58D82 /* Sources */,
				535B10F01E4A32A400D58D82 /* Frameworks */,
				535B10F11E4A32A400D58D82 /* Resources */,
			);
			buildRules = (
			);
			dependencies = (
			);
			name = Bracket;
			productName = Bracket;
			productReference = 535B10F31E4A32A400D58D82 /* Bracket.app */;
			productType = "com.apple.product-type.application";
		};
/* End PBXNativeTarget section */

/* Begin PBXProject section */
		535B10EB1E4A32A400D58D82 /* Project object */ = {
			isa = PBXProject;
			attributes = {
				LastSwiftUpdateCheck = 0820;
				LastUpgradeCheck = 0820;
				ORGANIZATIONNAME = KeatonHarward;
				TargetAttributes = {
					535B10F21E4A32A400D58D82 = {
						CreatedOnToolsVersion = 8.2.1;
						DevelopmentTeam = 7PDCTCAB87;
						ProvisioningStyle = Automatic;
					};
				};
			};
			buildConfigurationList = 535B10EE1E4A32A400D58D82 /* Build configuration list for PBXProject "Bracket" */;
			compatibilityVersion = "Xcode 3.2";
			developmentRegion = English;
			hasScannedForEncodings = 0;
			knownRegions = (
				en,
				Base,
			);
			mainGroup = 535B10EA1E4A32A400D58D82;
			productRefGroup = 535B10F41E4A32A400D58D82 /* Products */;
			projectDirPath = "";
			projectRoot = "";
			targets = (
				535B10F21E4A32A400D58D82 /* Bracket */,
			);
		};
/* End PBXProject section */

/* Begin PBXResourcesBuildPhase section */
		535B10F11E4A32A400D58D82 /* Resources */ = {
			isa = PBXResourcesBuildPhase;
			buildActionMask = 2147483647;
			files = (
				535B11011E4A32A400D58D82 /* LaunchScreen.storyboard in Resources */,
				535B10FE1E4A32A400D58D82 /* Assets.xcassets in Resources */,
				535B10FC1E4A32A400D58D82 /* Main.storyboard in Resources */,
			);
			runOnlyForDeploymentPostprocessing = 0;
		};
/* End PBXResourcesBuildPhase section */

/* Begin PBXSourcesBuildPhase section */
		535B10EF1E4A32A400D58D82 /* Sources */ = {
			isa = PBXSourcesBuildPhase;
			buildActionMask = 2147483647;
			files = (
				53F1F2E21E4BDB8600850DB3 /* Matchup + Convenience.swift in Sources */,
				53F1F2DC1E4BD67A00850DB3 /* CoreDataStack.swift in Sources */,
				53F1F2DA1E4BBE1F00850DB3 /* Bracket.xcdatamodeld in Sources */,
				53F1F2E01E4BDB6500850DB3 /* Team + Convenience.swift in Sources */,
				53F1F2DE1E4BDB4200850DB3 /* Bracket + Convenience.swift in Sources */,
				535B11311E4A957000D58D82 /* BracketController.swift in Sources */,
				535B10F71E4A32A400D58D82 /* AppDelegate.swift in Sources */,
			);
			runOnlyForDeploymentPostprocessing = 0;
		};
/* End PBXSourcesBuildPhase section */

/* Begin PBXVariantGroup section */
		535B10FA1E4A32A400D58D82 /* Main.storyboard */ = {
			isa = PBXVariantGroup;
			children = (
				535B10FB1E4A32A400D58D82 /* Base */,
			);
			name = Main.storyboard;
			sourceTree = "<group>";
		};
		535B10FF1E4A32A400D58D82 /* LaunchScreen.storyboard */ = {
			isa = PBXVariantGroup;
			children = (
				535B11001E4A32A400D58D82 /* Base */,
			);
			name = LaunchScreen.storyboard;
			sourceTree = "<group>";
		};
/* End PBXVariantGroup section */

/* Begin XCBuildConfiguration section */
		535B11031E4A32A400D58D82 /* Debug */ = {
			isa = XCBuildConfiguration;
			buildSettings = {
				ALWAYS_SEARCH_USER_PATHS = NO;
				CLANG_ANALYZER_NONNULL = YES;
				CLANG_CXX_LANGUAGE_STANDARD = "gnu++0x";
				CLANG_CXX_LIBRARY = "libc++";
				CLANG_ENABLE_MODULES = YES;
				CLANG_ENABLE_OBJC_ARC = YES;
				CLANG_WARN_BOOL_CONVERSION = YES;
				CLANG_WARN_CONSTANT_CONVERSION = YES;
				CLANG_WARN_DIRECT_OBJC_ISA_USAGE = YES_ERROR;
				CLANG_WARN_DOCUMENTATION_COMMENTS = YES;
				CLANG_WARN_EMPTY_BODY = YES;
				CLANG_WARN_ENUM_CONVERSION = YES;
				CLANG_WARN_INFINITE_RECURSION = YES;
				CLANG_WARN_INT_CONVERSION = YES;
				CLANG_WARN_OBJC_ROOT_CLASS = YES_ERROR;
				CLANG_WARN_SUSPICIOUS_MOVE = YES;
				CLANG_WARN_UNREACHABLE_CODE = YES;
				CLANG_WARN__DUPLICATE_METHOD_MATCH = YES;
				"CODE_SIGN_IDENTITY[sdk=iphoneos*]" = "iPhone Developer";
				COPY_PHASE_STRIP = NO;
				DEBUG_INFORMATION_FORMAT = dwarf;
				ENABLE_STRICT_OBJC_MSGSEND = YES;
				ENABLE_TESTABILITY = YES;
				GCC_C_LANGUAGE_STANDARD = gnu99;
				GCC_DYNAMIC_NO_PIC = NO;
				GCC_NO_COMMON_BLOCKS = YES;
				GCC_OPTIMIZATION_LEVEL = 0;
				GCC_PREPROCESSOR_DEFINITIONS = (
					"DEBUG=1",
					"$(inherited)",
				);
				GCC_WARN_64_TO_32_BIT_CONVERSION = YES;
				GCC_WARN_ABOUT_RETURN_TYPE = YES_ERROR;
				GCC_WARN_UNDECLARED_SELECTOR = YES;
				GCC_WARN_UNINITIALIZED_AUTOS = YES_AGGRESSIVE;
				GCC_WARN_UNUSED_FUNCTION = YES;
				GCC_WARN_UNUSED_VARIABLE = YES;
				IPHONEOS_DEPLOYMENT_TARGET = 10.2;
				MTL_ENABLE_DEBUG_INFO = YES;
				ONLY_ACTIVE_ARCH = YES;
				SDKROOT = iphoneos;
				SWIFT_ACTIVE_COMPILATION_CONDITIONS = DEBUG;
				SWIFT_OPTIMIZATION_LEVEL = "-Onone";
			};
			name = Debug;
		};
		535B11041E4A32A400D58D82 /* Release */ = {
			isa = XCBuildConfiguration;
			buildSettings = {
				ALWAYS_SEARCH_USER_PATHS = NO;
				CLANG_ANALYZER_NONNULL = YES;
				CLANG_CXX_LANGUAGE_STANDARD = "gnu++0x";
				CLANG_CXX_LIBRARY = "libc++";
				CLANG_ENABLE_MODULES = YES;
				CLANG_ENABLE_OBJC_ARC = YES;
				CLANG_WARN_BOOL_CONVERSION = YES;
				CLANG_WARN_CONSTANT_CONVERSION = YES;
				CLANG_WARN_DIRECT_OBJC_ISA_USAGE = YES_ERROR;
				CLANG_WARN_DOCUMENTATION_COMMENTS = YES;
				CLANG_WARN_EMPTY_BODY = YES;
				CLANG_WARN_ENUM_CONVERSION = YES;
				CLANG_WARN_INFINITE_RECURSION = YES;
				CLANG_WARN_INT_CONVERSION = YES;
				CLANG_WARN_OBJC_ROOT_CLASS = YES_ERROR;
				CLANG_WARN_SUSPICIOUS_MOVE = YES;
				CLANG_WARN_UNREACHABLE_CODE = YES;
				CLANG_WARN__DUPLICATE_METHOD_MATCH = YES;
				"CODE_SIGN_IDENTITY[sdk=iphoneos*]" = "iPhone Developer";
				COPY_PHASE_STRIP = NO;
				DEBUG_INFORMATION_FORMAT = "dwarf-with-dsym";
				ENABLE_NS_ASSERTIONS = NO;
				ENABLE_STRICT_OBJC_MSGSEND = YES;
				GCC_C_LANGUAGE_STANDARD = gnu99;
				GCC_NO_COMMON_BLOCKS = YES;
				GCC_WARN_64_TO_32_BIT_CONVERSION = YES;
				GCC_WARN_ABOUT_RETURN_TYPE = YES_ERROR;
				GCC_WARN_UNDECLARED_SELECTOR = YES;
				GCC_WARN_UNINITIALIZED_AUTOS = YES_AGGRESSIVE;
				GCC_WARN_UNUSED_FUNCTION = YES;
				GCC_WARN_UNUSED_VARIABLE = YES;
				IPHONEOS_DEPLOYMENT_TARGET = 10.2;
				MTL_ENABLE_DEBUG_INFO = NO;
				SDKROOT = iphoneos;
				SWIFT_OPTIMIZATION_LEVEL = "-Owholemodule";
				VALIDATE_PRODUCT = YES;
			};
			name = Release;
		};
		535B11061E4A32A400D58D82 /* Debug */ = {
			isa = XCBuildConfiguration;
			buildSettings = {
				ASSETCATALOG_COMPILER_APPICON_NAME = AppIcon;
				DEVELOPMENT_TEAM = 7PDCTCAB87;
				INFOPLIST_FILE = Bracket/Info.plist;
				LD_RUNPATH_SEARCH_PATHS = "$(inherited) @executable_path/Frameworks";
				PRODUCT_BUNDLE_IDENTIFIER = com.KeatonHarward.Bracket;
				PRODUCT_NAME = "$(TARGET_NAME)";
				SWIFT_VERSION = 3.0;
			};
			name = Debug;
		};
		535B11071E4A32A400D58D82 /* Release */ = {
			isa = XCBuildConfiguration;
			buildSettings = {
				ASSETCATALOG_COMPILER_APPICON_NAME = AppIcon;
				DEVELOPMENT_TEAM = 7PDCTCAB87;
				INFOPLIST_FILE = Bracket/Info.plist;
				LD_RUNPATH_SEARCH_PATHS = "$(inherited) @executable_path/Frameworks";
				PRODUCT_BUNDLE_IDENTIFIER = com.KeatonHarward.Bracket;
				PRODUCT_NAME = "$(TARGET_NAME)";
				SWIFT_VERSION = 3.0;
			};
			name = Release;
		};
/* End XCBuildConfiguration section */

/* Begin XCConfigurationList section */
		535B10EE1E4A32A400D58D82 /* Build configuration list for PBXProject "Bracket" */ = {
			isa = XCConfigurationList;
			buildConfigurations = (
				535B11031E4A32A400D58D82 /* Debug */,
				535B11041E4A32A400D58D82 /* Release */,
			);
			defaultConfigurationIsVisible = 0;
			defaultConfigurationName = Release;
		};
		535B11051E4A32A400D58D82 /* Build configuration list for PBXNativeTarget "Bracket" */ = {
			isa = XCConfigurationList;
			buildConfigurations = (
				535B11061E4A32A400D58D82 /* Debug */,
				535B11071E4A32A400D58D82 /* Release */,
			);
			defaultConfigurationIsVisible = 0;
			defaultConfigurationName = Release;
		};
/* End XCConfigurationList section */

/* Begin XCVersionGroup section */
		53F1F2D81E4BBE1F00850DB3 /* Bracket.xcdatamodeld */ = {
			isa = XCVersionGroup;
			children = (
				53F1F2D91E4BBE1F00850DB3 /* Bracket.xcdatamodel */,
			);
			currentVersion = 53F1F2D91E4BBE1F00850DB3 /* Bracket.xcdatamodel */;
			path = Bracket.xcdatamodeld;
			sourceTree = "<group>";
			versionGroupType = wrapper.xcdatamodel;
		};
/* End XCVersionGroup section */
	};
	rootObject = 535B10EB1E4A32A400D58D82 /* Project object */;
}
